
Microsoft Visual Studio Solution File, Format Version 12.00
# Visual Studio Version 17
VisualStudioVersion = 17.4.33213.308
MinimumVisualStudioVersion = 10.0.40219.1
Project("{FAE04EC0-301F-11D3-BF4B-00C04F79EFBC}") = "WebApp", "WebApp\WebApp.csproj", "{6EDFFC3F-D46C-4FE5-912F-A3C34CDF335B}"
EndProject
Project("{FAE04EC0-301F-11D3-BF4B-00C04F79EFBC}") = "EF.Data.Access", "EF.Data.Access\EF.Data.Access.csproj", "{7B39946E-9F16-4669-9FDB-23875BCB7714}"
EndProject
Project("{2150E333-8FDC-42A3-9474-1A3956D46DE8}") = "Models", "Models", "{9884CB4B-737B-49CC-B1BC-697C0CE9C6A1}"
EndProject
Global
	GlobalSection(SolutionConfigurationPlatforms) = preSolution
		Debug|Any CPU = Debug|Any CPU
		Release|Any CPU = Release|Any CPU
	EndGlobalSection
	GlobalSection(ProjectConfigurationPlatforms) = postSolution
		{6EDFFC3F-D46C-4FE5-912F-A3C34CDF335B}.Debug|Any CPU.ActiveCfg = Debug|Any CPU
		{6EDFFC3F-D46C-4FE5-912F-A3C34CDF335B}.Debug|Any CPU.Build.0 = Debug|Any CPU
		{6EDFFC3F-D46C-4FE5-912F-A3C34CDF335B}.Release|Any CPU.ActiveCfg = Release|Any CPU
		{6EDFFC3F-D46C-4FE5-912F-A3C34CDF335B}.Release|Any CPU.Build.0 = Release|Any CPU
		{7B39946E-9F16-4669-9FDB-23875BCB7714}.Debug|Any CPU.ActiveCfg = Debug|Any CPU
		{7B39946E-9F16-4669-9FDB-23875BCB7714}.Debug|Any CPU.Build.0 = Debug|Any CPU
		{7B39946E-9F16-4669-9FDB-23875BCB7714}.Release|Any CPU.ActiveCfg = Release|Any CPU
		{7B39946E-9F16-4669-9FDB-23875BCB7714}.Release|Any CPU.Build.0 = Release|Any CPU
	EndGlobalSection
	GlobalSection(SolutionProperties) = preSolution
		HideSolutionNode = FALSE
	EndGlobalSection
	GlobalSection(ExtensibilityGlobals) = postSolution
		SolutionGuid = {10816880-4552-4224-9BB8-FF7E0500ECDD}
	EndGlobalSection
EndGlobal
